{
  "object": {
    "pins": [
      {
        "package": "UUSwiftCore",
        "repositoryURL": "https://github.com/SilverPineSoftware/UUSwiftCore.git",
        "state": {
          "branch": null,
          "revision": "4cd3f86e1337a451f6f2ea9dcdc6f8a0739d9428",
          "version": "1.3.0"
        }
      }
    ]
  },
  "version": 1
}
